# THIS IS AN AUTOGENERATED FILE. DO NOT EDIT THIS FILE DIRECTLY.
# yarn lockfile v1


javascript@^1.0.0:
  version "1.0.0"
  resolved "https://registry.yarnpkg.com/javascript/-/javascript-1.0.0.tgz#186c6d8d73fe9dae5cded839de8e60ec7826ec86"
  integrity sha512-PnTGALRCw+1vqPQj5iE1xxZnEOPraSjIZ9LEZGjqP9I9iyjgRAXN7FYLDgPqZi7PhZxb3oLyYTJBttQpGCrMtg==
